# This file is automatically @generated by Poetry 2.2.1 and should not be changed by hand.

[[package]]
name = "datetime"
version = "5.5"
description = "This package provides a DateTime data type, as known from Zope. Unless you need to communicate with Zope APIs, you're probably better off using Python's built-in datetime module."
optional = false
python-versions = ">=3.7"
groups = ["main"]
files = [
    {file = "DateTime-5.5-py3-none-any.whl", hash = "sha256:0abf6c51cb4ba7cee775ca46ccc727f3afdde463be28dbbe8803631fefd4a120"},
    {file = "DateTime-5.5.tar.gz", hash = "sha256:21ec6331f87a7fcb57bd7c59e8a68bfffe6fcbf5acdbbc7b356d6a9a020191d3"},
]

[package.dependencies]
pytz = "*"
"zope.interface" = "*"

[[package]]
name = "pytz"
version = "2025.2"
description = "World timezone definitions, modern and historical"
optional = false
python-versions = "*"
groups = ["main"]
files = [
    {file = "pytz-2025.2-py2.py3-none-any.whl", hash = "sha256:5ddf76296dd8c44c26eb8f4b6f35488f3ccbf6fbbd7adee0b7262d43f0ec2f00"},
    {file = "pytz-2025.2.tar.gz", hash = "sha256:360b9e3dbb49a209c21ad61809c7fb453643e048b38924c765813546746e81c3"},
]

[[package]]
name = "uuid"
version = "1.30"
description = "UUID object and generation functions (Python 2.3 or higher)"
optional = false
python-versions = "*"
groups = ["main"]
files = [
    {file = "uuid-1.30.tar.gz", hash = "sha256:1f87cc004ac5120466f36c5beae48b4c48cc411968eed0eaecd3da82aa96193f"},
]

[[package]]
name = "zope-interface"
version = "8.0.1"
description = "Interfaces for Python"
optional = false
python-versions = ">=3.9"
groups = ["main"]
files = [
    {file = "zope_interface-8.0.1-cp310-cp310-macosx_10_9_x86_64.whl", hash = "sha256:fd7195081b8637eeed8d73e4d183b07199a1dc738fb28b3de6666b1b55662570"},
    {file = "zope_interface-8.0.1-cp310-cp310-macosx_11_0_arm64.whl", hash = "sha256:f7c4bc4021108847bce763673ce70d0716b08dfc2ba9889e7bad46ac2b3bb924"},
    {file = "zope_interface-8.0.1-cp310-cp310-manylinux1_i686.manylinux2014_i686.manylinux_2_17_i686.manylinux_2_5_i686.whl", hash = "sha256:758803806b962f32c87b31bb18c298b022965ba34fe532163831cc39118c24ab"},
    {file = "zope_interface-8.0.1-cp310-cp310-manylinux1_x86_64.manylinux2014_x86_64.manylinux_2_17_x86_64.manylinux_2_5_x86_64.whl", hash = "sha256:f8e88f35f86bbe8243cad4b2972deef0fdfca0a0723455abbebdc83bbab96b69"},
    {file = "zope_interface-8.0.1-cp310-cp310-manylinux2014_aarch64.manylinux_2_17_aarch64.whl", hash = "sha256:7844765695937d9b0d83211220b72e2cf6ac81a08608ad2b58f2c094af498d83"},
    {file = "zope_interface-8.0.1-cp310-cp310-win_amd64.whl", hash = "sha256:64fa7b206dd9669f29d5c1241a768bebe8ab1e8a4b63ee16491f041e058c09d0"},
    {file = "zope_interface-8.0.1-cp311-cp311-macosx_10_9_x86_64.whl", hash = "sha256:4bd01022d2e1bce4a4a4ed9549edb25393c92e607d7daa6deff843f1f68b479d"},
    {file = "zope_interface-8.0.1-cp311-cp311-macosx_11_0_arm64.whl", hash = "sha256:29be8db8b712d94f1c05e24ea230a879271d787205ba1c9a6100d1d81f06c69a"},
    {file = "zope_interface-8.0.1-cp311-cp311-manylinux1_i686.manylinux2014_i686.manylinux_2_17_i686.manylinux_2_5_i686.whl", hash = "sha256:51ae1b856565b30455b7879fdf0a56a88763b401d3f814fa9f9542d7410dbd7e"},
    {file = "zope_interface-8.0.1-cp311-cp311-manylinux1_x86_64.manylinux2014_x86_64.manylinux_2_17_x86_64.manylinux_2_5_x86_64.whl", hash = "sha256:d2e7596149cb1acd1d4d41b9f8fe2ffc0e9e29e2e91d026311814181d0d9efaf"},
    {file = "zope_interface-8.0.1-cp311-cp311-manylinux2014_aarch64.manylinux_2_17_aarch64.whl", hash = "sha256:b2737c11c34fb9128816759864752d007ec4f987b571c934c30723ed881a7a4f"},
    {file = "zope_interface-8.0.1-cp311-cp311-win_amd64.whl", hash = "sha256:cf66e4bf731aa7e0ced855bb3670e8cda772f6515a475c6a107bad5cb6604103"},
    {file = "zope_interface-8.0.1-cp312-cp312-macosx_10_9_x86_64.whl", hash = "sha256:115f27c1cc95ce7a517d960ef381beedb0a7ce9489645e80b9ab3cbf8a78799c"},
    {file = "zope_interface-8.0.1-cp312-cp312-macosx_11_0_arm64.whl", hash = "sha256:af655c573b84e3cb6a4f6fd3fbe04e4dc91c63c6b6f99019b3713ef964e589bc"},
    {file = "zope_interface-8.0.1-cp312-cp312-manylinux1_i686.manylinux2014_i686.manylinux_2_17_i686.manylinux_2_5_i686.whl", hash = "sha256:23f82ef9b2d5370750cc1bf883c3b94c33d098ce08557922a3fbc7ff3b63dfe1"},
    {file = "zope_interface-8.0.1-cp312-cp312-manylinux1_x86_64.manylinux2014_x86_64.manylinux_2_17_x86_64.manylinux_2_5_x86_64.whl", hash = "sha256:35a1565d5244997f2e629c5c68715b3d9d9036e8df23c4068b08d9316dcb2822"},
    {file = "zope_interface-8.0.1-cp312-cp312-manylinux2014_aarch64.manylinux_2_17_aarch64.whl", hash = "sha256:029ea1db7e855a475bf88d9910baab4e94d007a054810e9007ac037a91c67c6f"},
    {file = "zope_interface-8.0.1-cp312-cp312-win_amd64.whl", hash = "sha256:0beb3e7f7dc153944076fcaf717a935f68d39efa9fce96ec97bafcc0c2ea6cab"},
    {file = "zope_interface-8.0.1-cp313-cp313-macosx_10_9_x86_64.whl", hash = "sha256:c7cc027fc5c61c5d69e5080c30b66382f454f43dc379c463a38e78a9c6bab71a"},
    {file = "zope_interface-8.0.1-cp313-cp313-macosx_11_0_arm64.whl", hash = "sha256:fcf9097ff3003b7662299f1c25145e15260ec2a27f9a9e69461a585d79ca8552"},
    {file = "zope_interface-8.0.1-cp313-cp313-manylinux1_i686.manylinux2014_i686.manylinux_2_17_i686.manylinux_2_5_i686.whl", hash = "sha256:6d965347dd1fb9e9a53aa852d4ded46b41ca670d517fd54e733a6b6a4d0561c2"},
    {file = "zope_interface-8.0.1-cp313-cp313-manylinux1_x86_64.manylinux2014_x86_64.manylinux_2_17_x86_64.manylinux_2_5_x86_64.whl", hash = "sha256:9a3b8bb77a4b89427a87d1e9eb969ab05e38e6b4a338a9de10f6df23c33ec3c2"},
    {file = "zope_interface-8.0.1-cp313-cp313-manylinux2014_aarch64.manylinux_2_17_aarch64.whl", hash = "sha256:87e6b089002c43231fb9afec89268391bcc7a3b66e76e269ffde19a8112fb8d5"},
    {file = "zope_interface-8.0.1-cp313-cp313-win_amd64.whl", hash = "sha256:64a43f5280aa770cbafd0307cb3d1ff430e2a1001774e8ceb40787abe4bb6658"},
    {file = "zope_interface-8.0.1-cp39-cp39-macosx_10_9_x86_64.whl", hash = "sha256:b84464a9fcf801289fa8b15bfc0829e7855d47fb4a8059555effc6f2d1d9a613"},
    {file = "zope_interface-8.0.1-cp39-cp39-macosx_11_0_arm64.whl", hash = "sha256:7b915cf7e747b5356d741be79a153aa9107e8923bc93bcd65fc873caf0fb5c50"},
    {file = "zope_interface-8.0.1-cp39-cp39-manylinux1_i686.manylinux2014_i686.manylinux_2_17_i686.manylinux_2_5_i686.whl", hash = "sha256:110c73ddf974b369ef3c6e7b0d87d44673cf4914eba3fe8a33bfb21c6c606ad8"},
    {file = "zope_interface-8.0.1-cp39-cp39-manylinux1_x86_64.manylinux2014_x86_64.manylinux_2_17_x86_64.manylinux_2_5_x86_64.whl", hash = "sha256:9e9bdca901c1bcc34e438001718512c65b3b8924aabcd732b6e7a7f0cd715f17"},
    {file = "zope_interface-8.0.1-cp39-cp39-manylinux2014_aarch64.manylinux_2_17_aarch64.whl", hash = "sha256:bbd22d4801ad3e8ec704ba9e3e6a4ac2e875e4d77e363051ccb76153d24c5519"},
    {file = "zope_interface-8.0.1-cp39-cp39-win_amd64.whl", hash = "sha256:a0016ca85f93b938824e2f9a43534446e95134a2945b084944786e1ace2020bc"},
    {file = "zope_interface-8.0.1.tar.gz", hash = "sha256:eba5610d042c3704a48222f7f7c6ab5b243ed26f917e2bc69379456b115e02d1"},
]

[package.extras]
docs = ["Sphinx", "furo", "repoze.sphinx.autointerface"]
test = ["coverage[toml]", "zope.event", "zope.testing"]
testing = ["coverage[toml]", "zope.event", "zope.testing"]

[metadata]
lock-version = "2.1"
python-versions = ">=3.12"
content-hash = "f684b14a312cc31f489574490e923ef8c411f15bd4af3516510d99c46e6452a4"
